
Microsoft Visual Studio Solution File, Format Version 12.00
# Visual Studio 15
VisualStudioVersion = 15.0.28010.2050
MinimumVisualStudioVersion = 10.0.40219.1
Project("{FAE04EC0-301F-11D3-BF4B-00C04F79EFBC}") = "IntermediaryBuz.WebUI", "IntermediaryBuz.WebUI\IntermediaryBuz.WebUI.csproj", "{C8EF756C-BF42-463A-8F5B-5C9EDAE254C1}"
EndProject
Project("{00D1A9C2-B5F0-4AF3-8072-F6C62B433612}") = "IntermediaryBuz.Persistence", "IntermediaryBuz.Persistence\IntermediaryBuz.Persistence.sqlproj", "{D4B2EE88-D39D-48B0-BB38-C13D87956188}"
EndProject
Project("{FAE04EC0-301F-11D3-BF4B-00C04F79EFBC}") = "IntermediaryBuzXUnitTest", "IntermediaryBuzXUnitTest\IntermediaryBuzXUnitTest.csproj", "{C8092138-0463-4926-92C4-F30E064D26D6}"
EndProject
Global
	GlobalSection(SolutionConfigurationPlatforms) = preSolution
		Debug|Any CPU = Debug|Any CPU
		Release|Any CPU = Release|Any CPU
	EndGlobalSection
	GlobalSection(ProjectConfigurationPlatforms) = postSolution
		{C8EF756C-BF42-463A-8F5B-5C9EDAE254C1}.Debug|Any CPU.ActiveCfg = Debug|Any CPU
		{C8EF756C-BF42-463A-8F5B-5C9EDAE254C1}.Debug|Any CPU.Build.0 = Debug|Any CPU
		{C8EF756C-BF42-463A-8F5B-5C9EDAE254C1}.Release|Any CPU.ActiveCfg = Release|Any CPU
		{C8EF756C-BF42-463A-8F5B-5C9EDAE254C1}.Release|Any CPU.Build.0 = Release|Any CPU
		{D4B2EE88-D39D-48B0-BB38-C13D87956188}.Debug|Any CPU.ActiveCfg = Debug|Any CPU
		{D4B2EE88-D39D-48B0-BB38-C13D87956188}.Debug|Any CPU.Build.0 = Debug|Any CPU
		{D4B2EE88-D39D-48B0-BB38-C13D87956188}.Debug|Any CPU.Deploy.0 = Debug|Any CPU
		{D4B2EE88-D39D-48B0-BB38-C13D87956188}.Release|Any CPU.ActiveCfg = Release|Any CPU
		{D4B2EE88-D39D-48B0-BB38-C13D87956188}.Release|Any CPU.Build.0 = Release|Any CPU
		{D4B2EE88-D39D-48B0-BB38-C13D87956188}.Release|Any CPU.Deploy.0 = Release|Any CPU
		{C8092138-0463-4926-92C4-F30E064D26D6}.Debug|Any CPU.ActiveCfg = Debug|Any CPU
		{C8092138-0463-4926-92C4-F30E064D26D6}.Debug|Any CPU.Build.0 = Debug|Any CPU
		{C8092138-0463-4926-92C4-F30E064D26D6}.Release|Any CPU.ActiveCfg = Release|Any CPU
		{C8092138-0463-4926-92C4-F30E064D26D6}.Release|Any CPU.Build.0 = Release|Any CPU
	EndGlobalSection
	GlobalSection(SolutionProperties) = preSolution
		HideSolutionNode = FALSE
	EndGlobalSection
	GlobalSection(ExtensibilityGlobals) = postSolution
		SolutionGuid = {C5CA3F7C-76BB-4F81-9DA2-BA040B818263}
	EndGlobalSection
EndGlobal
